
Microsoft Visual Studio Solution File, Format Version 12.00
# Visual Studio Version 16
VisualStudioVersion = 16.0.810.10
MinimumVisualStudioVersion = 10.0.40219.1
Project("{FAE04EC0-301F-11D3-BF4B-00C04F79EFBC}") = "Unit_test_frameworks", "Unit_test_frameworks\Unit_test_frameworks.csproj", "{346E7513-67B6-4238-93F5-39D9974B17DB}"
EndProject
Project("{FAE04EC0-301F-11D3-BF4B-00C04F79EFBC}") = "SubsequencesFinderTests", "SubsequencesFinderTests\SubsequencesFinderTests.csproj", "{0791D947-2093-452D-9ADB-A0A135EA339D}"
EndProject
Global
	GlobalSection(SolutionConfigurationPlatforms) = preSolution
		Debug|Any CPU = Debug|Any CPU
		Release|Any CPU = Release|Any CPU
	EndGlobalSection
	GlobalSection(ProjectConfigurationPlatforms) = postSolution
		{346E7513-67B6-4238-93F5-39D9974B17DB}.Debug|Any CPU.ActiveCfg = Debug|Any CPU
		{346E7513-67B6-4238-93F5-39D9974B17DB}.Debug|Any CPU.Build.0 = Debug|Any CPU
		{346E7513-67B6-4238-93F5-39D9974B17DB}.Release|Any CPU.ActiveCfg = Release|Any CPU
		{346E7513-67B6-4238-93F5-39D9974B17DB}.Release|Any CPU.Build.0 = Release|Any CPU
		{0791D947-2093-452D-9ADB-A0A135EA339D}.Debug|Any CPU.ActiveCfg = Debug|Any CPU
		{0791D947-2093-452D-9ADB-A0A135EA339D}.Debug|Any CPU.Build.0 = Debug|Any CPU
		{0791D947-2093-452D-9ADB-A0A135EA339D}.Release|Any CPU.ActiveCfg = Release|Any CPU
		{0791D947-2093-452D-9ADB-A0A135EA339D}.Release|Any CPU.Build.0 = Release|Any CPU
	EndGlobalSection
	GlobalSection(SolutionProperties) = preSolution
		HideSolutionNode = FALSE
	EndGlobalSection
	GlobalSection(ExtensibilityGlobals) = postSolution
		SolutionGuid = {11C97832-74E3-467C-A005-50D4ADB245A2}
	EndGlobalSection
EndGlobal
