
Microsoft Visual Studio Solution File, Format Version 12.00
# Visual Studio Version 16
VisualStudioVersion = 16.0.810.10
MinimumVisualStudioVersion = 10.0.40219.1
Project("{9344BDBB-3E7F-41FC-A0DD-8665D75EE146}") = "epam_tasks", "epam_tasks\epam_tasks.csproj", "{0367BDB3-5C90-4E7F-BDB4-78DE3188AB0C}"
EndProject
Project("{FAE04EC0-301F-11D3-BF4B-00C04F79EFBC}") = "Unit_test_frameworks", "Unit_test_frameworks\Unit_test_frameworks.csproj", "{032811D3-1A2B-4277-9966-61BEA447B711}"
EndProject
Global
	GlobalSection(SolutionConfigurationPlatforms) = preSolution
		Debug|Any CPU = Debug|Any CPU
		Release|Any CPU = Release|Any CPU
	EndGlobalSection
	GlobalSection(ProjectConfigurationPlatforms) = postSolution
		{0367BDB3-5C90-4E7F-BDB4-78DE3188AB0C}.Debug|Any CPU.ActiveCfg = Debug|Any CPU
		{0367BDB3-5C90-4E7F-BDB4-78DE3188AB0C}.Debug|Any CPU.Build.0 = Debug|Any CPU
		{0367BDB3-5C90-4E7F-BDB4-78DE3188AB0C}.Release|Any CPU.ActiveCfg = Release|Any CPU
		{0367BDB3-5C90-4E7F-BDB4-78DE3188AB0C}.Release|Any CPU.Build.0 = Release|Any CPU
		{032811D3-1A2B-4277-9966-61BEA447B711}.Debug|Any CPU.ActiveCfg = Debug|Any CPU
		{032811D3-1A2B-4277-9966-61BEA447B711}.Debug|Any CPU.Build.0 = Debug|Any CPU
		{032811D3-1A2B-4277-9966-61BEA447B711}.Release|Any CPU.ActiveCfg = Release|Any CPU
		{032811D3-1A2B-4277-9966-61BEA447B711}.Release|Any CPU.Build.0 = Release|Any CPU
	EndGlobalSection
	GlobalSection(SolutionProperties) = preSolution
		HideSolutionNode = FALSE
	EndGlobalSection
	GlobalSection(ExtensibilityGlobals) = postSolution
		SolutionGuid = {11C97832-74E3-467C-A005-50D4ADB245A2}
	EndGlobalSection
EndGlobal
