
Microsoft Visual Studio Solution File, Format Version 12.00
# Visual Studio Version 16
VisualStudioVersion = 16.0.810.10
MinimumVisualStudioVersion = 10.0.40219.1
Project("{9344BDBB-3E7F-41FC-A0DD-8665D75EE146}") = "epam_tasks", "epam_tasks\epam_tasks.csproj", "{CCDE14EA-AB64-4526-BCA7-4D60C1E65962}"
EndProject
Project("{FAE04EC0-301F-11D3-BF4B-00C04F79EFBC}") = "framework_tests", "framework_tests\framework_tests.csproj", "{4D947017-A1D1-413E-9890-DC7C23746677}"
EndProject
Global
	GlobalSection(SolutionConfigurationPlatforms) = preSolution
		Debug|Any CPU = Debug|Any CPU
		Release|Any CPU = Release|Any CPU
	EndGlobalSection
	GlobalSection(ProjectConfigurationPlatforms) = postSolution
		{CCDE14EA-AB64-4526-BCA7-4D60C1E65962}.Debug|Any CPU.ActiveCfg = Debug|Any CPU
		{CCDE14EA-AB64-4526-BCA7-4D60C1E65962}.Debug|Any CPU.Build.0 = Debug|Any CPU
		{CCDE14EA-AB64-4526-BCA7-4D60C1E65962}.Release|Any CPU.ActiveCfg = Release|Any CPU
		{CCDE14EA-AB64-4526-BCA7-4D60C1E65962}.Release|Any CPU.Build.0 = Release|Any CPU
		{4D947017-A1D1-413E-9890-DC7C23746677}.Debug|Any CPU.ActiveCfg = Debug|Any CPU
		{4D947017-A1D1-413E-9890-DC7C23746677}.Debug|Any CPU.Build.0 = Debug|Any CPU
		{4D947017-A1D1-413E-9890-DC7C23746677}.Release|Any CPU.ActiveCfg = Release|Any CPU
		{4D947017-A1D1-413E-9890-DC7C23746677}.Release|Any CPU.Build.0 = Release|Any CPU
	EndGlobalSection
	GlobalSection(SolutionProperties) = preSolution
		HideSolutionNode = FALSE
	EndGlobalSection
	GlobalSection(ExtensibilityGlobals) = postSolution
		SolutionGuid = {11C97832-74E3-467C-A005-50D4ADB245A2}
	EndGlobalSection
EndGlobal
